
Microsoft Visual Studio Solution File, Format Version 12.00
# Blend for Visual Studio Version 16
VisualStudioVersion = 16.0.31005.135
MinimumVisualStudioVersion = 10.0.40219.1
Project("{FAE04EC0-301F-11D3-BF4B-00C04F79EFBC}") = "WpfWorld_Seed", "WpfWorld_Seed.csproj", "{21A429E3-ED39-4B4F-986B-5EF437283F07}"
EndProject
Global
	GlobalSection(SolutionConfigurationPlatforms) = preSolution
		Debug|Any CPU = Debug|Any CPU
		Release|Any CPU = Release|Any CPU
	EndGlobalSection
	GlobalSection(ProjectConfigurationPlatforms) = postSolution
		{21A429E3-ED39-4B4F-986B-5EF437283F07}.Debug|Any CPU.ActiveCfg = Debug|Any CPU
		{21A429E3-ED39-4B4F-986B-5EF437283F07}.Debug|Any CPU.Build.0 = Debug|Any CPU
		{21A429E3-ED39-4B4F-986B-5EF437283F07}.Release|Any CPU.ActiveCfg = Release|Any CPU
		{21A429E3-ED39-4B4F-986B-5EF437283F07}.Release|Any CPU.Build.0 = Release|Any CPU
	EndGlobalSection
	GlobalSection(SolutionProperties) = preSolution
		HideSolutionNode = FALSE
	EndGlobalSection
	GlobalSection(ExtensibilityGlobals) = postSolution
		SolutionGuid = {D0DE7A68-B567-4DF5-950A-AE4EF0566BE2}
	EndGlobalSection
EndGlobal
